
Microsoft Visual Studio Solution File, Format Version 12.00
# Visual Studio Version 17
VisualStudioVersion = 17.4.33213.308
MinimumVisualStudioVersion = 10.0.40219.1
Project("{FAE04EC0-301F-11D3-BF4B-00C04F79EFBC}") = "Mc2.CrudTest.Domain", "Mc2.CrudTest.Domain\Mc2.CrudTest.Domain.csproj", "{C84CE8D2-B444-49A5-B20C-DD54F753A0BB}"
EndProject
Project("{2150E333-8FDC-42A3-9474-1A3956D46DE8}") = "Shared", "Shared", "{4940A0F6-CA18-4D8D-91A7-9CBD2A1A67C5}"
EndProject
Project("{FAE04EC0-301F-11D3-BF4B-00C04F79EFBC}") = "Mc2.CrudTest.Shared.Abstractions", "Mc2.CrudTest.Shared.Abstractions\Mc2.CrudTest.Shared.Abstractions.csproj", "{A2C2CAE2-FB8B-43F8-8C95-13E031805964}"
EndProject
Project("{FAE04EC0-301F-11D3-BF4B-00C04F79EFBC}") = "Mc2.CrudTest.Application", "Mc2.CrudTest.Application\Mc2.CrudTest.Application.csproj", "{439CEB4E-98DC-45BD-AD80-D689D218B375}"
EndProject
Project("{FAE04EC0-301F-11D3-BF4B-00C04F79EFBC}") = "Mc2.CrudTest.API", "Mc2.CrudTest.API\Mc2.CrudTest.API.csproj", "{BE9DEED1-FC49-4824-8DD9-16CA7DA38240}"
EndProject
Project("{FAE04EC0-301F-11D3-BF4B-00C04F79EFBC}") = "Mc2.CrudTest.Shared", "Mc2.CrudTest.Shared\Mc2.CrudTest.Shared.csproj", "{19D21680-B131-4DD1-A264-9AEA5B43750C}"
EndProject
Project("{FAE04EC0-301F-11D3-BF4B-00C04F79EFBC}") = "Mc2.CrudTest.Infrastructure", "Mc2.CrudTest.Infrastructure\Mc2.CrudTest.Infrastructure.csproj", "{7F2366F1-C146-4B82-88CA-1A893290BFFA}"
EndProject
Project("{FAE04EC0-301F-11D3-BF4B-00C04F79EFBC}") = "Mc2.TestCrud.UnitTest", "Mc2.TestCrud.UnitTest\Mc2.TestCrud.UnitTest.csproj", "{9BC9E94A-9007-409C-81DD-C887E97B69A3}"
EndProject
Global
	GlobalSection(SolutionConfigurationPlatforms) = preSolution
		Debug|Any CPU = Debug|Any CPU
		Release|Any CPU = Release|Any CPU
	EndGlobalSection
	GlobalSection(ProjectConfigurationPlatforms) = postSolution
		{C84CE8D2-B444-49A5-B20C-DD54F753A0BB}.Debug|Any CPU.ActiveCfg = Debug|Any CPU
		{C84CE8D2-B444-49A5-B20C-DD54F753A0BB}.Debug|Any CPU.Build.0 = Debug|Any CPU
		{C84CE8D2-B444-49A5-B20C-DD54F753A0BB}.Release|Any CPU.ActiveCfg = Release|Any CPU
		{C84CE8D2-B444-49A5-B20C-DD54F753A0BB}.Release|Any CPU.Build.0 = Release|Any CPU
		{A2C2CAE2-FB8B-43F8-8C95-13E031805964}.Debug|Any CPU.ActiveCfg = Debug|Any CPU
		{A2C2CAE2-FB8B-43F8-8C95-13E031805964}.Debug|Any CPU.Build.0 = Debug|Any CPU
		{A2C2CAE2-FB8B-43F8-8C95-13E031805964}.Release|Any CPU.ActiveCfg = Release|Any CPU
		{A2C2CAE2-FB8B-43F8-8C95-13E031805964}.Release|Any CPU.Build.0 = Release|Any CPU
		{439CEB4E-98DC-45BD-AD80-D689D218B375}.Debug|Any CPU.ActiveCfg = Debug|Any CPU
		{439CEB4E-98DC-45BD-AD80-D689D218B375}.Debug|Any CPU.Build.0 = Debug|Any CPU
		{439CEB4E-98DC-45BD-AD80-D689D218B375}.Release|Any CPU.ActiveCfg = Release|Any CPU
		{439CEB4E-98DC-45BD-AD80-D689D218B375}.Release|Any CPU.Build.0 = Release|Any CPU
		{BE9DEED1-FC49-4824-8DD9-16CA7DA38240}.Debug|Any CPU.ActiveCfg = Debug|Any CPU
		{BE9DEED1-FC49-4824-8DD9-16CA7DA38240}.Debug|Any CPU.Build.0 = Debug|Any CPU
		{BE9DEED1-FC49-4824-8DD9-16CA7DA38240}.Release|Any CPU.ActiveCfg = Release|Any CPU
		{BE9DEED1-FC49-4824-8DD9-16CA7DA38240}.Release|Any CPU.Build.0 = Release|Any CPU
		{19D21680-B131-4DD1-A264-9AEA5B43750C}.Debug|Any CPU.ActiveCfg = Debug|Any CPU
		{19D21680-B131-4DD1-A264-9AEA5B43750C}.Debug|Any CPU.Build.0 = Debug|Any CPU
		{19D21680-B131-4DD1-A264-9AEA5B43750C}.Release|Any CPU.ActiveCfg = Release|Any CPU
		{19D21680-B131-4DD1-A264-9AEA5B43750C}.Release|Any CPU.Build.0 = Release|Any CPU
		{7F2366F1-C146-4B82-88CA-1A893290BFFA}.Debug|Any CPU.ActiveCfg = Debug|Any CPU
		{7F2366F1-C146-4B82-88CA-1A893290BFFA}.Debug|Any CPU.Build.0 = Debug|Any CPU
		{7F2366F1-C146-4B82-88CA-1A893290BFFA}.Release|Any CPU.ActiveCfg = Release|Any CPU
		{7F2366F1-C146-4B82-88CA-1A893290BFFA}.Release|Any CPU.Build.0 = Release|Any CPU
		{9BC9E94A-9007-409C-81DD-C887E97B69A3}.Debug|Any CPU.ActiveCfg = Debug|Any CPU
		{9BC9E94A-9007-409C-81DD-C887E97B69A3}.Debug|Any CPU.Build.0 = Debug|Any CPU
		{9BC9E94A-9007-409C-81DD-C887E97B69A3}.Release|Any CPU.ActiveCfg = Release|Any CPU
		{9BC9E94A-9007-409C-81DD-C887E97B69A3}.Release|Any CPU.Build.0 = Release|Any CPU
	EndGlobalSection
	GlobalSection(SolutionProperties) = preSolution
		HideSolutionNode = FALSE
	EndGlobalSection
	GlobalSection(NestedProjects) = preSolution
		{A2C2CAE2-FB8B-43F8-8C95-13E031805964} = {4940A0F6-CA18-4D8D-91A7-9CBD2A1A67C5}
		{19D21680-B131-4DD1-A264-9AEA5B43750C} = {4940A0F6-CA18-4D8D-91A7-9CBD2A1A67C5}
	EndGlobalSection
	GlobalSection(ExtensibilityGlobals) = postSolution
		SolutionGuid = {4B5A26C9-68C1-49D9-9F32-AF907A1730C2}
	EndGlobalSection
EndGlobal
